
Microsoft Visual Studio Solution File, Format Version 11.00
# Visual Studio 2010
Project("{FAE04EC0-301F-11D3-BF4B-00C04F79EFBC}") = "NRack", "src\NRack\NRack.csproj", "{FA2EE796-4D9D-47D9-9843-B1F903F0BED8}"
EndProject
Project("{FAE04EC0-301F-11D3-BF4B-00C04F79EFBC}") = "NRack.Specs", "test\NRack.Specs\NRack.Specs.csproj", "{4A14ACB7-BF68-401D-B116-77EC39B88A0D}"
EndProject
Project("{FAE04EC0-301F-11D3-BF4B-00C04F79EFBC}") = "NRack.Example.AspNet", "example\NRack.Example.AspNet\NRack.Example.AspNet.csproj", "{7194CE10-7F67-400B-AF13-5313DF8135EF}"
EndProject
Global
	GlobalSection(SolutionConfigurationPlatforms) = preSolution
		Debug|Any CPU = Debug|Any CPU
		Debug|Mixed Platforms = Debug|Mixed Platforms
		Debug|x86 = Debug|x86
		Release|Any CPU = Release|Any CPU
		Release|Mixed Platforms = Release|Mixed Platforms
		Release|x86 = Release|x86
	EndGlobalSection
	GlobalSection(ProjectConfigurationPlatforms) = postSolution
		{4A14ACB7-BF68-401D-B116-77EC39B88A0D}.Debug|Any CPU.ActiveCfg = Debug|Any CPU
		{4A14ACB7-BF68-401D-B116-77EC39B88A0D}.Debug|Any CPU.Build.0 = Debug|Any CPU
		{4A14ACB7-BF68-401D-B116-77EC39B88A0D}.Debug|Mixed Platforms.ActiveCfg = Debug|Any CPU
		{4A14ACB7-BF68-401D-B116-77EC39B88A0D}.Debug|Mixed Platforms.Build.0 = Debug|Any CPU
		{4A14ACB7-BF68-401D-B116-77EC39B88A0D}.Debug|x86.ActiveCfg = Debug|Any CPU
		{4A14ACB7-BF68-401D-B116-77EC39B88A0D}.Release|Any CPU.ActiveCfg = Release|Any CPU
		{4A14ACB7-BF68-401D-B116-77EC39B88A0D}.Release|Any CPU.Build.0 = Release|Any CPU
		{4A14ACB7-BF68-401D-B116-77EC39B88A0D}.Release|Mixed Platforms.ActiveCfg = Release|Any CPU
		{4A14ACB7-BF68-401D-B116-77EC39B88A0D}.Release|Mixed Platforms.Build.0 = Release|Any CPU
		{4A14ACB7-BF68-401D-B116-77EC39B88A0D}.Release|x86.ActiveCfg = Release|Any CPU
		{7194CE10-7F67-400B-AF13-5313DF8135EF}.Debug|Any CPU.ActiveCfg = Debug|Any CPU
		{7194CE10-7F67-400B-AF13-5313DF8135EF}.Debug|Any CPU.Build.0 = Debug|Any CPU
		{7194CE10-7F67-400B-AF13-5313DF8135EF}.Debug|Mixed Platforms.ActiveCfg = Debug|Any CPU
		{7194CE10-7F67-400B-AF13-5313DF8135EF}.Debug|Mixed Platforms.Build.0 = Debug|Any CPU
		{7194CE10-7F67-400B-AF13-5313DF8135EF}.Debug|x86.ActiveCfg = Debug|Any CPU
		{7194CE10-7F67-400B-AF13-5313DF8135EF}.Release|Any CPU.ActiveCfg = Release|Any CPU
		{7194CE10-7F67-400B-AF13-5313DF8135EF}.Release|Any CPU.Build.0 = Release|Any CPU
		{7194CE10-7F67-400B-AF13-5313DF8135EF}.Release|Mixed Platforms.ActiveCfg = Release|Any CPU
		{7194CE10-7F67-400B-AF13-5313DF8135EF}.Release|Mixed Platforms.Build.0 = Release|Any CPU
		{7194CE10-7F67-400B-AF13-5313DF8135EF}.Release|x86.ActiveCfg = Release|Any CPU
		{FA2EE796-4D9D-47D9-9843-B1F903F0BED8}.Debug|Any CPU.ActiveCfg = Debug|Any CPU
		{FA2EE796-4D9D-47D9-9843-B1F903F0BED8}.Debug|Any CPU.Build.0 = Debug|Any CPU
		{FA2EE796-4D9D-47D9-9843-B1F903F0BED8}.Debug|Mixed Platforms.ActiveCfg = Debug|Any CPU
		{FA2EE796-4D9D-47D9-9843-B1F903F0BED8}.Debug|Mixed Platforms.Build.0 = Debug|Any CPU
		{FA2EE796-4D9D-47D9-9843-B1F903F0BED8}.Debug|x86.ActiveCfg = Debug|Any CPU
		{FA2EE796-4D9D-47D9-9843-B1F903F0BED8}.Release|Any CPU.ActiveCfg = Release|Any CPU
		{FA2EE796-4D9D-47D9-9843-B1F903F0BED8}.Release|Any CPU.Build.0 = Release|Any CPU
		{FA2EE796-4D9D-47D9-9843-B1F903F0BED8}.Release|Mixed Platforms.ActiveCfg = Release|Any CPU
		{FA2EE796-4D9D-47D9-9843-B1F903F0BED8}.Release|Mixed Platforms.Build.0 = Release|Any CPU
		{FA2EE796-4D9D-47D9-9843-B1F903F0BED8}.Release|x86.ActiveCfg = Release|Any CPU
	EndGlobalSection
	GlobalSection(MonoDevelopProperties) = preSolution
		StartupItem = example\NRack.Example.AspNet\NRack.Example.AspNet.csproj
	EndGlobalSection
	GlobalSection(SolutionProperties) = preSolution
		HideSolutionNode = FALSE
	EndGlobalSection
EndGlobal
