
Microsoft Visual Studio Solution File, Format Version 11.00
# Visual Studio 2010
Project("{FAE04EC0-301F-11D3-BF4B-00C04F79EFBC}") = "NRack", "NRack\NRack.csproj", "{FA2EE796-4D9D-47D9-9843-B1F903F0BED8}"
EndProject
Project("{FAE04EC0-301F-11D3-BF4B-00C04F79EFBC}") = "NRack.Specs", "..\test\NRack.Specs\NRack.Specs.csproj", "{4A14ACB7-BF68-401D-B116-77EC39B88A0D}"
EndProject
Project("{FAE04EC0-301F-11D3-BF4B-00C04F79EFBC}") = "NRack.Example.AspNet", "..\example\NRack.Example\NRack.Example.AspNet.csproj", "{7194CE10-7F67-400B-AF13-5313DF8135EF}"
EndProject
Project("{FAE04EC0-301F-11D3-BF4B-00C04F79EFBC}") = "NRack.Example.Server", "..\example\NRack.Example.Server\NRack.Example.Server.csproj", "{6661D675-614C-4DAC-978D-6C5B81221B51}"
EndProject
Project("{FAE04EC0-301F-11D3-BF4B-00C04F79EFBC}") = "NRack.Example.Kayak", "..\example\NRack.Example.Kayak\NRack.Example.Kayak.csproj", "{8A669B5E-8E98-4F19-AF48-DDBF655F3792}"
EndProject
Global
	GlobalSection(SolutionConfigurationPlatforms) = preSolution
		Debug|Any CPU = Debug|Any CPU
		Debug|Mixed Platforms = Debug|Mixed Platforms
		Debug|x86 = Debug|x86
		Release|Any CPU = Release|Any CPU
		Release|Mixed Platforms = Release|Mixed Platforms
		Release|x86 = Release|x86
	EndGlobalSection
	GlobalSection(ProjectConfigurationPlatforms) = postSolution
		{FA2EE796-4D9D-47D9-9843-B1F903F0BED8}.Debug|Any CPU.ActiveCfg = Debug|Any CPU
		{FA2EE796-4D9D-47D9-9843-B1F903F0BED8}.Debug|Any CPU.Build.0 = Debug|Any CPU
		{FA2EE796-4D9D-47D9-9843-B1F903F0BED8}.Debug|Mixed Platforms.ActiveCfg = Debug|Any CPU
		{FA2EE796-4D9D-47D9-9843-B1F903F0BED8}.Debug|Mixed Platforms.Build.0 = Debug|Any CPU
		{FA2EE796-4D9D-47D9-9843-B1F903F0BED8}.Debug|x86.ActiveCfg = Debug|Any CPU
		{FA2EE796-4D9D-47D9-9843-B1F903F0BED8}.Release|Any CPU.ActiveCfg = Release|Any CPU
		{FA2EE796-4D9D-47D9-9843-B1F903F0BED8}.Release|Any CPU.Build.0 = Release|Any CPU
		{FA2EE796-4D9D-47D9-9843-B1F903F0BED8}.Release|Mixed Platforms.ActiveCfg = Release|Any CPU
		{FA2EE796-4D9D-47D9-9843-B1F903F0BED8}.Release|Mixed Platforms.Build.0 = Release|Any CPU
		{FA2EE796-4D9D-47D9-9843-B1F903F0BED8}.Release|x86.ActiveCfg = Release|Any CPU
		{4A14ACB7-BF68-401D-B116-77EC39B88A0D}.Debug|Any CPU.ActiveCfg = Debug|Any CPU
		{4A14ACB7-BF68-401D-B116-77EC39B88A0D}.Debug|Any CPU.Build.0 = Debug|Any CPU
		{4A14ACB7-BF68-401D-B116-77EC39B88A0D}.Debug|Mixed Platforms.ActiveCfg = Debug|Any CPU
		{4A14ACB7-BF68-401D-B116-77EC39B88A0D}.Debug|Mixed Platforms.Build.0 = Debug|Any CPU
		{4A14ACB7-BF68-401D-B116-77EC39B88A0D}.Debug|x86.ActiveCfg = Debug|Any CPU
		{4A14ACB7-BF68-401D-B116-77EC39B88A0D}.Release|Any CPU.ActiveCfg = Release|Any CPU
		{4A14ACB7-BF68-401D-B116-77EC39B88A0D}.Release|Any CPU.Build.0 = Release|Any CPU
		{4A14ACB7-BF68-401D-B116-77EC39B88A0D}.Release|Mixed Platforms.ActiveCfg = Release|Any CPU
		{4A14ACB7-BF68-401D-B116-77EC39B88A0D}.Release|Mixed Platforms.Build.0 = Release|Any CPU
		{4A14ACB7-BF68-401D-B116-77EC39B88A0D}.Release|x86.ActiveCfg = Release|Any CPU
		{7194CE10-7F67-400B-AF13-5313DF8135EF}.Debug|Any CPU.ActiveCfg = Debug|Any CPU
		{7194CE10-7F67-400B-AF13-5313DF8135EF}.Debug|Any CPU.Build.0 = Debug|Any CPU
		{7194CE10-7F67-400B-AF13-5313DF8135EF}.Debug|Mixed Platforms.ActiveCfg = Debug|Any CPU
		{7194CE10-7F67-400B-AF13-5313DF8135EF}.Debug|Mixed Platforms.Build.0 = Debug|Any CPU
		{7194CE10-7F67-400B-AF13-5313DF8135EF}.Debug|x86.ActiveCfg = Debug|Any CPU
		{7194CE10-7F67-400B-AF13-5313DF8135EF}.Release|Any CPU.ActiveCfg = Release|Any CPU
		{7194CE10-7F67-400B-AF13-5313DF8135EF}.Release|Any CPU.Build.0 = Release|Any CPU
		{7194CE10-7F67-400B-AF13-5313DF8135EF}.Release|Mixed Platforms.ActiveCfg = Release|Any CPU
		{7194CE10-7F67-400B-AF13-5313DF8135EF}.Release|Mixed Platforms.Build.0 = Release|Any CPU
		{7194CE10-7F67-400B-AF13-5313DF8135EF}.Release|x86.ActiveCfg = Release|Any CPU
		{6661D675-614C-4DAC-978D-6C5B81221B51}.Debug|Any CPU.ActiveCfg = Debug|x86
		{6661D675-614C-4DAC-978D-6C5B81221B51}.Debug|Mixed Platforms.ActiveCfg = Debug|x86
		{6661D675-614C-4DAC-978D-6C5B81221B51}.Debug|Mixed Platforms.Build.0 = Debug|x86
		{6661D675-614C-4DAC-978D-6C5B81221B51}.Debug|x86.ActiveCfg = Debug|x86
		{6661D675-614C-4DAC-978D-6C5B81221B51}.Debug|x86.Build.0 = Debug|x86
		{6661D675-614C-4DAC-978D-6C5B81221B51}.Release|Any CPU.ActiveCfg = Release|x86
		{6661D675-614C-4DAC-978D-6C5B81221B51}.Release|Mixed Platforms.ActiveCfg = Release|x86
		{6661D675-614C-4DAC-978D-6C5B81221B51}.Release|Mixed Platforms.Build.0 = Release|x86
		{6661D675-614C-4DAC-978D-6C5B81221B51}.Release|x86.ActiveCfg = Release|x86
		{6661D675-614C-4DAC-978D-6C5B81221B51}.Release|x86.Build.0 = Release|x86
		{8A669B5E-8E98-4F19-AF48-DDBF655F3792}.Debug|Any CPU.ActiveCfg = Debug|Any CPU
		{8A669B5E-8E98-4F19-AF48-DDBF655F3792}.Debug|Any CPU.Build.0 = Debug|Any CPU
		{8A669B5E-8E98-4F19-AF48-DDBF655F3792}.Debug|Mixed Platforms.ActiveCfg = Debug|Any CPU
		{8A669B5E-8E98-4F19-AF48-DDBF655F3792}.Debug|Mixed Platforms.Build.0 = Debug|Any CPU
		{8A669B5E-8E98-4F19-AF48-DDBF655F3792}.Debug|x86.ActiveCfg = Debug|Any CPU
		{8A669B5E-8E98-4F19-AF48-DDBF655F3792}.Release|Any CPU.ActiveCfg = Release|Any CPU
		{8A669B5E-8E98-4F19-AF48-DDBF655F3792}.Release|Any CPU.Build.0 = Release|Any CPU
		{8A669B5E-8E98-4F19-AF48-DDBF655F3792}.Release|Mixed Platforms.ActiveCfg = Release|Any CPU
		{8A669B5E-8E98-4F19-AF48-DDBF655F3792}.Release|Mixed Platforms.Build.0 = Release|Any CPU
		{8A669B5E-8E98-4F19-AF48-DDBF655F3792}.Release|x86.ActiveCfg = Release|Any CPU
	EndGlobalSection
	GlobalSection(SolutionProperties) = preSolution
		HideSolutionNode = FALSE
	EndGlobalSection
EndGlobal
